// !$*UTF8*$!
{
	archiveVersion = 1;
	classes = {
	};
	objectVersion = 51;
	objects = {

/* Begin PBXBuildFile section */
		273EEF2926C96A2B00351AF4 /* AppDelegate.swift in Sources */ = {isa = PBXBuildFile; fileRef = 273EEF2826C96A2B00351AF4 /* AppDelegate.swift */; };
		273EEF2B26C96A2B00351AF4 /* SceneDelegate.swift in Sources */ = {isa = PBXBuildFile; fileRef = 273EEF2A26C96A2B00351AF4 /* SceneDelegate.swift */; };
		273EEF3026C96A2B00351AF4 /* Main.storyboard in Resources */ = {isa = PBXBuildFile; fileRef = 273EEF2E26C96A2B00351AF4 /* Main.storyboard */; };
		273EEF3226C96A2B00351AF4 /* Assets.xcassets in Resources */ = {isa = PBXBuildFile; fileRef = 273EEF3126C96A2B00351AF4 /* Assets.xcassets */; };
		273EEF3526C96A2B00351AF4 /* LaunchScreen.storyboard in Resources */ = {isa = PBXBuildFile; fileRef = 273EEF3326C96A2B00351AF4 /* LaunchScreen.storyboard */; };
		273EEF6326C9735000351AF4 /* ListNewsVC.swift in Sources */ = {isa = PBXBuildFile; fileRef = 273EEF6226C9735000351AF4 /* ListNewsVC.swift */; };
		273EEF6E26C974D800351AF4 /* NewsItemCell.swift in Sources */ = {isa = PBXBuildFile; fileRef = 273EEF6C26C974D800351AF4 /* NewsItemCell.swift */; };
		273EEF6F26C974D800351AF4 /* NewsItemCell.xib in Resources */ = {isa = PBXBuildFile; fileRef = 273EEF6D26C974D800351AF4 /* NewsItemCell.xib */; };
		275AB66126CAFB1300C0E39D /* ListNewsVC + Pagination.swift in Sources */ = {isa = PBXBuildFile; fileRef = 275AB66026CAFB1300C0E39D /* ListNewsVC + Pagination.swift */; };
		275AB66E26CB135600C0E39D /* DetailsVM.swift in Sources */ = {isa = PBXBuildFile; fileRef = 275AB66A26CB135600C0E39D /* DetailsVM.swift */; };
		275AB66F26CB135600C0E39D /* DetailsVC.xib in Resources */ = {isa = PBXBuildFile; fileRef = 275AB66C26CB135600C0E39D /* DetailsVC.xib */; };
		275AB67026CB135600C0E39D /* DetailsVC.swift in Sources */ = {isa = PBXBuildFile; fileRef = 275AB66D26CB135600C0E39D /* DetailsVC.swift */; };
		275AB67326CB13A300C0E39D /* NewsSourceVC.swift in Sources */ = {isa = PBXBuildFile; fileRef = 275AB67226CB13A300C0E39D /* NewsSourceVC.swift */; };
		27634B1826C9820B00751E5D /* ListNewsVM.swift in Sources */ = {isa = PBXBuildFile; fileRef = 27634B1726C9820B00751E5D /* ListNewsVM.swift */; };
		27634B1C26C985A200751E5D /* ListNewsUsecase.swift in Sources */ = {isa = PBXBuildFile; fileRef = 27634B1B26C985A200751E5D /* ListNewsUsecase.swift */; };
		27634B2526C994DD00751E5D /* ApiServices.swift in Sources */ = {isa = PBXBuildFile; fileRef = 27634B1F26C994DD00751E5D /* ApiServices.swift */; };
		27634B2626C994DD00751E5D /* ApiRequestWrapper.swift in Sources */ = {isa = PBXBuildFile; fileRef = 27634B2026C994DD00751E5D /* ApiRequestWrapper.swift */; };
		27634B2726C994DD00751E5D /* Remotedatasource.swift in Sources */ = {isa = PBXBuildFile; fileRef = 27634B2126C994DD00751E5D /* Remotedatasource.swift */; };
		27634B2826C994DD00751E5D /* RemoteDataSourceWrapper.swift in Sources */ = {isa = PBXBuildFile; fileRef = 27634B2226C994DD00751E5D /* RemoteDataSourceWrapper.swift */; };
		27634B2926C994DD00751E5D /* AllNews+Codable.swift in Sources */ = {isa = PBXBuildFile; fileRef = 27634B2426C994DD00751E5D /* AllNews+Codable.swift */; };
		27634B3626C99FC200751E5D /* Repo.swift in Sources */ = {isa = PBXBuildFile; fileRef = 27634B3526C99FC200751E5D /* Repo.swift */; };
		27634B3A26C99FFB00751E5D /* NewsRepoType.swift in Sources */ = {isa = PBXBuildFile; fileRef = 27634B3926C99FFB00751E5D /* NewsRepoType.swift */; };
		27634B3D26C9AC5200751E5D /* Const.swift in Sources */ = {isa = PBXBuildFile; fileRef = 27634B3C26C9AC5200751E5D /* Const.swift */; };
		27634B4C26C9CDBD00751E5D /* SectionModel.swift in Sources */ = {isa = PBXBuildFile; fileRef = 27634B4B26C9CDBD00751E5D /* SectionModel.swift */; };
		27634B4F26C9EAC600751E5D /* CustomDate.swift in Sources */ = {isa = PBXBuildFile; fileRef = 27634B4E26C9EAC600751E5D /* CustomDate.swift */; };
		9244A68FB2C0F9CE56FA09C7 /* Pods_KNews.framework in Frameworks */ = {isa = PBXBuildFile; fileRef = DF714D353B0A20C237F275D4 /* Pods_KNews.framework */; };
/* End PBXBuildFile section */

/* Begin PBXFileReference section */
		273EEF2526C96A2B00351AF4 /* KNews.app */ = {isa = PBXFileReference; explicitFileType = wrapper.application; includeInIndex = 0; path = KNews.app; sourceTree = BUILT_PRODUCTS_DIR; };
		273EEF2826C96A2B00351AF4 /* AppDelegate.swift */ = {isa = PBXFileReference; lastKnownFileType = sourcecode.swift; path = AppDelegate.swift; sourceTree = "<group>"; };
		273EEF2A26C96A2B00351AF4 /* SceneDelegate.swift */ = {isa = PBXFileReference; lastKnownFileType = sourcecode.swift; path = SceneDelegate.swift; sourceTree = "<group>"; };
		273EEF2F26C96A2B00351AF4 /* Base */ = {isa = PBXFileReference; lastKnownFileType = file.storyboard; name = Base; path = Base.lproj/Main.storyboard; sourceTree = "<group>"; };
		273EEF3126C96A2B00351AF4 /* Assets.xcassets */ = {isa = PBXFileReference; lastKnownFileType = folder.assetcatalog; path = Assets.xcassets; sourceTree = "<group>"; };
		273EEF3426C96A2B00351AF4 /* Base */ = {isa = PBXFileReference; lastKnownFileType = file.storyboard; name = Base; path = Base.lproj/LaunchScreen.storyboard; sourceTree = "<group>"; };
		273EEF3626C96A2B00351AF4 /* Info.plist */ = {isa = PBXFileReference; lastKnownFileType = text.plist.xml; path = Info.plist; sourceTree = "<group>"; };
		273EEF6226C9735000351AF4 /* ListNewsVC.swift */ = {isa = PBXFileReference; lastKnownFileType = sourcecode.swift; path = ListNewsVC.swift; sourceTree = "<group>"; };
		273EEF6C26C974D800351AF4 /* NewsItemCell.swift */ = {isa = PBXFileReference; lastKnownFileType = sourcecode.swift; path = NewsItemCell.swift; sourceTree = "<group>"; };
		273EEF6D26C974D800351AF4 /* NewsItemCell.xib */ = {isa = PBXFileReference; lastKnownFileType = file.xib; path = NewsItemCell.xib; sourceTree = "<group>"; };
		275AB66026CAFB1300C0E39D /* ListNewsVC + Pagination.swift */ = {isa = PBXFileReference; lastKnownFileType = sourcecode.swift; path = "ListNewsVC + Pagination.swift"; sourceTree = "<group>"; };
		275AB66A26CB135600C0E39D /* DetailsVM.swift */ = {isa = PBXFileReference; fileEncoding = 4; lastKnownFileType = sourcecode.swift; path = DetailsVM.swift; sourceTree = "<group>"; };
		275AB66C26CB135600C0E39D /* DetailsVC.xib */ = {isa = PBXFileReference; fileEncoding = 4; lastKnownFileType = file.xib; path = DetailsVC.xib; sourceTree = "<group>"; };
		275AB66D26CB135600C0E39D /* DetailsVC.swift */ = {isa = PBXFileReference; fileEncoding = 4; lastKnownFileType = sourcecode.swift; path = DetailsVC.swift; sourceTree = "<group>"; };
		275AB67226CB13A300C0E39D /* NewsSourceVC.swift */ = {isa = PBXFileReference; fileEncoding = 4; lastKnownFileType = sourcecode.swift; path = NewsSourceVC.swift; sourceTree = "<group>"; };
		27634B1726C9820B00751E5D /* ListNewsVM.swift */ = {isa = PBXFileReference; lastKnownFileType = sourcecode.swift; path = ListNewsVM.swift; sourceTree = "<group>"; };
		27634B1B26C985A200751E5D /* ListNewsUsecase.swift */ = {isa = PBXFileReference; lastKnownFileType = sourcecode.swift; path = ListNewsUsecase.swift; sourceTree = "<group>"; };
		27634B1F26C994DD00751E5D /* ApiServices.swift */ = {isa = PBXFileReference; fileEncoding = 4; lastKnownFileType = sourcecode.swift; path = ApiServices.swift; sourceTree = "<group>"; };
		27634B2026C994DD00751E5D /* ApiRequestWrapper.swift */ = {isa = PBXFileReference; fileEncoding = 4; lastKnownFileType = sourcecode.swift; path = ApiRequestWrapper.swift; sourceTree = "<group>"; };
		27634B2126C994DD00751E5D /* Remotedatasource.swift */ = {isa = PBXFileReference; fileEncoding = 4; lastKnownFileType = sourcecode.swift; path = Remotedatasource.swift; sourceTree = "<group>"; };
		27634B2226C994DD00751E5D /* RemoteDataSourceWrapper.swift */ = {isa = PBXFileReference; fileEncoding = 4; lastKnownFileType = sourcecode.swift; path = RemoteDataSourceWrapper.swift; sourceTree = "<group>"; };
		27634B2426C994DD00751E5D /* AllNews+Codable.swift */ = {isa = PBXFileReference; fileEncoding = 4; lastKnownFileType = sourcecode.swift; path = "AllNews+Codable.swift"; sourceTree = "<group>"; };
		27634B3526C99FC200751E5D /* Repo.swift */ = {isa = PBXFileReference; lastKnownFileType = sourcecode.swift; path = Repo.swift; sourceTree = "<group>"; };
		27634B3926C99FFB00751E5D /* NewsRepoType.swift */ = {isa = PBXFileReference; fileEncoding = 4; lastKnownFileType = sourcecode.swift; path = NewsRepoType.swift; sourceTree = "<group>"; };
		27634B3C26C9AC5200751E5D /* Const.swift */ = {isa = PBXFileReference; lastKnownFileType = sourcecode.swift; path = Const.swift; sourceTree = "<group>"; };
		27634B4B26C9CDBD00751E5D /* SectionModel.swift */ = {isa = PBXFileReference; lastKnownFileType = sourcecode.swift; path = SectionModel.swift; sourceTree = "<group>"; };
		27634B4E26C9EAC600751E5D /* CustomDate.swift */ = {isa = PBXFileReference; fileEncoding = 4; lastKnownFileType = sourcecode.swift; path = CustomDate.swift; sourceTree = "<group>"; };
		3F6AC5C5A6827BC4BC447383 /* Pods-KNews.debug.xcconfig */ = {isa = PBXFileReference; includeInIndex = 1; lastKnownFileType = text.xcconfig; name = "Pods-KNews.debug.xcconfig"; path = "Target Support Files/Pods-KNews/Pods-KNews.debug.xcconfig"; sourceTree = "<group>"; };
		A2B492E6BDCA6F3CE9C54B2F /* Pods-KNews.release.xcconfig */ = {isa = PBXFileReference; includeInIndex = 1; lastKnownFileType = text.xcconfig; name = "Pods-KNews.release.xcconfig"; path = "Target Support Files/Pods-KNews/Pods-KNews.release.xcconfig"; sourceTree = "<group>"; };
		DF714D353B0A20C237F275D4 /* Pods_KNews.framework */ = {isa = PBXFileReference; explicitFileType = wrapper.framework; includeInIndex = 0; path = Pods_KNews.framework; sourceTree = BUILT_PRODUCTS_DIR; };
/* End PBXFileReference section */

/* Begin PBXFrameworksBuildPhase section */
		273EEF2226C96A2B00351AF4 /* Frameworks */ = {
			isa = PBXFrameworksBuildPhase;
			buildActionMask = 2147483647;
			files = (
				9244A68FB2C0F9CE56FA09C7 /* Pods_KNews.framework in Frameworks */,
			);
			runOnlyForDeploymentPostprocessing = 0;
		};
/* End PBXFrameworksBuildPhase section */

/* Begin PBXGroup section */
		0700785158414CEC0E469ED7 /* Pods */ = {
			isa = PBXGroup;
			children = (
				3F6AC5C5A6827BC4BC447383 /* Pods-KNews.debug.xcconfig */,
				A2B492E6BDCA6F3CE9C54B2F /* Pods-KNews.release.xcconfig */,
			);
			path = Pods;
			sourceTree = "<group>";
		};
		273EEF1C26C96A2B00351AF4 = {
			isa = PBXGroup;
			children = (
				273EEF2726C96A2B00351AF4 /* KNews */,
				273EEF2626C96A2B00351AF4 /* Products */,
				0700785158414CEC0E469ED7 /* Pods */,
				D5BF68A34D863678E7DC351D /* Frameworks */,
			);
			sourceTree = "<group>";
		};
		273EEF2626C96A2B00351AF4 /* Products */ = {
			isa = PBXGroup;
			children = (
				273EEF2526C96A2B00351AF4 /* KNews.app */,
			);
			name = Products;
			sourceTree = "<group>";
		};
		273EEF2726C96A2B00351AF4 /* KNews */ = {
			isa = PBXGroup;
			children = (
				273EEF4126C96AB300351AF4 /* Application */,
				273EEF4026C96AB000351AF4 /* Data Layer */,
				273EEF3F26C96AAC00351AF4 /* Domain Layer */,
				273EEF3E26C96AA700351AF4 /* Presentation Layer */,
				273EEF3D26C96A9D00351AF4 /* Resources */,
				273EEF3626C96A2B00351AF4 /* Info.plist */,
			);
			path = KNews;
			sourceTree = "<group>";
		};
		273EEF3D26C96A9D00351AF4 /* Resources */ = {
			isa = PBXGroup;
			children = (
				273EEF3126C96A2B00351AF4 /* Assets.xcassets */,
			);
			path = Resources;
			sourceTree = "<group>";
		};
		273EEF3E26C96AA700351AF4 /* Presentation Layer */ = {
			isa = PBXGroup;
			children = (
				273EEF4A26C96C6B00351AF4 /* Storyboards */,
				273EEF4726C96C3400351AF4 /* NewsScene */,
				273EEF4826C96C4000351AF4 /* DetailsScene */,
				273EEF4926C96C4500351AF4 /* WebpageScene */,
			);
			path = "Presentation Layer";
			sourceTree = "<group>";
		};
		273EEF3F26C96AAC00351AF4 /* Domain Layer */ = {
			isa = PBXGroup;
			children = (
				273EEF4626C96BC900351AF4 /* Entities */,
				273EEF4526C96BC400351AF4 /* Usecases */,
				273EEF4426C96BBB00351AF4 /* Interfaces */,
			);
			path = "Domain Layer";
			sourceTree = "<group>";
		};
		273EEF4026C96AB000351AF4 /* Data Layer */ = {
			isa = PBXGroup;
			children = (
				273EEF4326C96B9B00351AF4 /* Repos */,
				273EEF4226C96B9300351AF4 /* Datasources */,
				27634B3C26C9AC5200751E5D /* Const.swift */,
			);
			path = "Data Layer";
			sourceTree = "<group>";
		};
		273EEF4126C96AB300351AF4 /* Application */ = {
			isa = PBXGroup;
			children = (
				273EEF2826C96A2B00351AF4 /* AppDelegate.swift */,
				273EEF2A26C96A2B00351AF4 /* SceneDelegate.swift */,
			);
			path = Application;
			sourceTree = "<group>";
		};
		273EEF4226C96B9300351AF4 /* Datasources */ = {
			isa = PBXGroup;
			children = (
				27634B1E26C994DD00751E5D /* Remote */,
			);
			path = Datasources;
			sourceTree = "<group>";
		};
		273EEF4326C96B9B00351AF4 /* Repos */ = {
			isa = PBXGroup;
			children = (
				27634B3526C99FC200751E5D /* Repo.swift */,
			);
			path = Repos;
			sourceTree = "<group>";
		};
		273EEF4426C96BBB00351AF4 /* Interfaces */ = {
			isa = PBXGroup;
			children = (
				27634B3826C99FFB00751E5D /* Repositories */,
			);
			path = Interfaces;
			sourceTree = "<group>";
		};
		273EEF4526C96BC400351AF4 /* Usecases */ = {
			isa = PBXGroup;
			children = (
				27634B1B26C985A200751E5D /* ListNewsUsecase.swift */,
			);
			path = Usecases;
			sourceTree = "<group>";
		};
		273EEF4626C96BC900351AF4 /* Entities */ = {
			isa = PBXGroup;
			children = (
				27634B4E26C9EAC600751E5D /* CustomDate.swift */,
				27634B4B26C9CDBD00751E5D /* SectionModel.swift */,
			);
			path = Entities;
			sourceTree = "<group>";
		};
		273EEF4726C96C3400351AF4 /* NewsScene */ = {
			isa = PBXGroup;
			children = (
				273EEF6A26C9749700351AF4 /* View */,
				273EEF6926C9749200351AF4 /* ViewModel */,
			);
			path = NewsScene;
			sourceTree = "<group>";
		};
		273EEF4826C96C4000351AF4 /* DetailsScene */ = {
			isa = PBXGroup;
			children = (
				275AB66B26CB135600C0E39D /* View */,
				275AB66926CB135600C0E39D /* ViewModel */,
			);
			path = DetailsScene;
			sourceTree = "<group>";
		};
		273EEF4926C96C4500351AF4 /* WebpageScene */ = {
			isa = PBXGroup;
			children = (
				275AB67226CB13A300C0E39D /* NewsSourceVC.swift */,
			);
			path = WebpageScene;
			sourceTree = "<group>";
		};
		273EEF4A26C96C6B00351AF4 /* Storyboards */ = {
			isa = PBXGroup;
			children = (
				273EEF2E26C96A2B00351AF4 /* Main.storyboard */,
				273EEF3326C96A2B00351AF4 /* LaunchScreen.storyboard */,
			);
			path = Storyboards;
			sourceTree = "<group>";
		};
		273EEF6926C9749200351AF4 /* ViewModel */ = {
			isa = PBXGroup;
			children = (
				27634B1726C9820B00751E5D /* ListNewsVM.swift */,
			);
			path = ViewModel;
			sourceTree = "<group>";
		};
		273EEF6A26C9749700351AF4 /* View */ = {
			isa = PBXGroup;
			children = (
				275AB65F26CAFB0200C0E39D /* Pagination */,
				273EEF6B26C9749F00351AF4 /* News Item Cell */,
				273EEF6226C9735000351AF4 /* ListNewsVC.swift */,
			);
			path = View;
			sourceTree = "<group>";
		};
		273EEF6B26C9749F00351AF4 /* News Item Cell */ = {
			isa = PBXGroup;
			children = (
				273EEF6C26C974D800351AF4 /* NewsItemCell.swift */,
				273EEF6D26C974D800351AF4 /* NewsItemCell.xib */,
			);
			path = "News Item Cell";
			sourceTree = "<group>";
		};
		275AB65F26CAFB0200C0E39D /* Pagination */ = {
			isa = PBXGroup;
			children = (
				275AB66026CAFB1300C0E39D /* ListNewsVC + Pagination.swift */,
			);
			path = Pagination;
			sourceTree = "<group>";
		};
		275AB66926CB135600C0E39D /* ViewModel */ = {
			isa = PBXGroup;
			children = (
				275AB66A26CB135600C0E39D /* DetailsVM.swift */,
			);
			path = ViewModel;
			sourceTree = "<group>";
		};
		275AB66B26CB135600C0E39D /* View */ = {
			isa = PBXGroup;
			children = (
				275AB66C26CB135600C0E39D /* DetailsVC.xib */,
				275AB66D26CB135600C0E39D /* DetailsVC.swift */,
			);
			path = View;
			sourceTree = "<group>";
		};
		27634B1E26C994DD00751E5D /* Remote */ = {
			isa = PBXGroup;
			children = (
				27634B2326C994DD00751E5D /* Data Mapping */,
				27634B1F26C994DD00751E5D /* ApiServices.swift */,
				27634B2026C994DD00751E5D /* ApiRequestWrapper.swift */,
				27634B2126C994DD00751E5D /* Remotedatasource.swift */,
				27634B2226C994DD00751E5D /* RemoteDataSourceWrapper.swift */,
			);
			path = Remote;
			sourceTree = "<group>";
		};
		27634B2326C994DD00751E5D /* Data Mapping */ = {
			isa = PBXGroup;
			children = (
				27634B2426C994DD00751E5D /* AllNews+Codable.swift */,
			);
			path = "Data Mapping";
			sourceTree = "<group>";
		};
		27634B3826C99FFB00751E5D /* Repositories */ = {
			isa = PBXGroup;
			children = (
				27634B3926C99FFB00751E5D /* NewsRepoType.swift */,
			);
			path = Repositories;
			sourceTree = "<group>";
		};
		D5BF68A34D863678E7DC351D /* Frameworks */ = {
			isa = PBXGroup;
			children = (
				DF714D353B0A20C237F275D4 /* Pods_KNews.framework */,
			);
			name = Frameworks;
			sourceTree = "<group>";
		};
/* End PBXGroup section */

/* Begin PBXNativeTarget section */
		273EEF2426C96A2B00351AF4 /* KNews */ = {
			isa = PBXNativeTarget;
			buildConfigurationList = 273EEF3926C96A2B00351AF4 /* Build configuration list for PBXNativeTarget "KNews" */;
			buildPhases = (
				119CD6B8FEA2BB0CE7881494 /* [CP] Check Pods Manifest.lock */,
				273EEF2126C96A2B00351AF4 /* Sources */,
				273EEF2226C96A2B00351AF4 /* Frameworks */,
				273EEF2326C96A2B00351AF4 /* Resources */,
				A431AE460CC9B7231F4ACC72 /* [CP] Embed Pods Frameworks */,
			);
			buildRules = (
			);
			dependencies = (
			);
			name = KNews;
			productName = KNews;
			productReference = 273EEF2526C96A2B00351AF4 /* KNews.app */;
			productType = "com.apple.product-type.application";
		};
/* End PBXNativeTarget section */

/* Begin PBXProject section */
		273EEF1D26C96A2B00351AF4 /* Project object */ = {
			isa = PBXProject;
			attributes = {
				LastSwiftUpdateCheck = 1220;
				LastUpgradeCheck = 1220;
				TargetAttributes = {
					273EEF2426C96A2B00351AF4 = {
						CreatedOnToolsVersion = 12.2;
					};
				};
			};
			buildConfigurationList = 273EEF2026C96A2B00351AF4 /* Build configuration list for PBXProject "KNews" */;
			compatibilityVersion = "Xcode 9.3";
			developmentRegion = en;
			hasScannedForEncodings = 0;
			knownRegions = (
				en,
				Base,
			);
			mainGroup = 273EEF1C26C96A2B00351AF4;
			productRefGroup = 273EEF2626C96A2B00351AF4 /* Products */;
			projectDirPath = "";
			projectRoot = "";
			targets = (
				273EEF2426C96A2B00351AF4 /* KNews */,
			);
		};
/* End PBXProject section */

/* Begin PBXResourcesBuildPhase section */
		273EEF2326C96A2B00351AF4 /* Resources */ = {
			isa = PBXResourcesBuildPhase;
			buildActionMask = 2147483647;
			files = (
				273EEF3526C96A2B00351AF4 /* LaunchScreen.storyboard in Resources */,
				273EEF6F26C974D800351AF4 /* NewsItemCell.xib in Resources */,
				273EEF3226C96A2B00351AF4 /* Assets.xcassets in Resources */,
				273EEF3026C96A2B00351AF4 /* Main.storyboard in Resources */,
				275AB66F26CB135600C0E39D /* DetailsVC.xib in Resources */,
			);
			runOnlyForDeploymentPostprocessing = 0;
		};
/* End PBXResourcesBuildPhase section */

/* Begin PBXShellScriptBuildPhase section */
		119CD6B8FEA2BB0CE7881494 /* [CP] Check Pods Manifest.lock */ = {
			isa = PBXShellScriptBuildPhase;
			buildActionMask = 2147483647;
			files = (
			);
			inputFileListPaths = (
			);
			inputPaths = (
				"${PODS_PODFILE_DIR_PATH}/Podfile.lock",
				"${PODS_ROOT}/Manifest.lock",
			);
			name = "[CP] Check Pods Manifest.lock";
			outputFileListPaths = (
			);
			outputPaths = (
				"$(DERIVED_FILE_DIR)/Pods-KNews-checkManifestLockResult.txt",
			);
			runOnlyForDeploymentPostprocessing = 0;
			shellPath = /bin/sh;
			shellScript = "diff \"${PODS_PODFILE_DIR_PATH}/Podfile.lock\" \"${PODS_ROOT}/Manifest.lock\" > /dev/null\nif [ $? != 0 ] ; then\n    # print error to STDERR\n    echo \"error: The sandbox is not in sync with the Podfile.lock. Run 'pod install' or update your CocoaPods installation.\" >&2\n    exit 1\nfi\n# This output is used by Xcode 'outputs' to avoid re-running this script phase.\necho \"SUCCESS\" > \"${SCRIPT_OUTPUT_FILE_0}\"\n";
			showEnvVarsInLog = 0;
		};
		A431AE460CC9B7231F4ACC72 /* [CP] Embed Pods Frameworks */ = {
			isa = PBXShellScriptBuildPhase;
			buildActionMask = 2147483647;
			files = (
			);
			inputFileListPaths = (
				"${PODS_ROOT}/Target Support Files/Pods-KNews/Pods-KNews-frameworks-${CONFIGURATION}-input-files.xcfilelist",
			);
			name = "[CP] Embed Pods Frameworks";
			outputFileListPaths = (
				"${PODS_ROOT}/Target Support Files/Pods-KNews/Pods-KNews-frameworks-${CONFIGURATION}-output-files.xcfilelist",
			);
			runOnlyForDeploymentPostprocessing = 0;
			shellPath = /bin/sh;
			shellScript = "\"${PODS_ROOT}/Target Support Files/Pods-KNews/Pods-KNews-frameworks.sh\"\n";
			showEnvVarsInLog = 0;
		};
/* End PBXShellScriptBuildPhase section */

/* Begin PBXSourcesBuildPhase section */
		273EEF2126C96A2B00351AF4 /* Sources */ = {
			isa = PBXSourcesBuildPhase;
			buildActionMask = 2147483647;
			files = (
				27634B1826C9820B00751E5D /* ListNewsVM.swift in Sources */,
				27634B2526C994DD00751E5D /* ApiServices.swift in Sources */,
				27634B2826C994DD00751E5D /* RemoteDataSourceWrapper.swift in Sources */,
				27634B3626C99FC200751E5D /* Repo.swift in Sources */,
				27634B4F26C9EAC600751E5D /* CustomDate.swift in Sources */,
				275AB66E26CB135600C0E39D /* DetailsVM.swift in Sources */,
				27634B2726C994DD00751E5D /* Remotedatasource.swift in Sources */,
				273EEF6326C9735000351AF4 /* ListNewsVC.swift in Sources */,
				27634B1C26C985A200751E5D /* ListNewsUsecase.swift in Sources */,
				273EEF6E26C974D800351AF4 /* NewsItemCell.swift in Sources */,
				275AB67026CB135600C0E39D /* DetailsVC.swift in Sources */,
				27634B4C26C9CDBD00751E5D /* SectionModel.swift in Sources */,
				273EEF2926C96A2B00351AF4 /* AppDelegate.swift in Sources */,
				27634B2626C994DD00751E5D /* ApiRequestWrapper.swift in Sources */,
				27634B2926C994DD00751E5D /* AllNews+Codable.swift in Sources */,
				275AB66126CAFB1300C0E39D /* ListNewsVC + Pagination.swift in Sources */,
				275AB67326CB13A300C0E39D /* NewsSourceVC.swift in Sources */,
				273EEF2B26C96A2B00351AF4 /* SceneDelegate.swift in Sources */,
				27634B3A26C99FFB00751E5D /* NewsRepoType.swift in Sources */,
				27634B3D26C9AC5200751E5D /* Const.swift in Sources */,
			);
			runOnlyForDeploymentPostprocessing = 0;
		};
/* End PBXSourcesBuildPhase section */

/* Begin PBXVariantGroup section */
		273EEF2E26C96A2B00351AF4 /* Main.storyboard */ = {
			isa = PBXVariantGroup;
			children = (
				273EEF2F26C96A2B00351AF4 /* Base */,
			);
			name = Main.storyboard;
			sourceTree = "<group>";
		};
		273EEF3326C96A2B00351AF4 /* LaunchScreen.storyboard */ = {
			isa = PBXVariantGroup;
			children = (
				273EEF3426C96A2B00351AF4 /* Base */,
			);
			name = LaunchScreen.storyboard;
			sourceTree = "<group>";
		};
/* End PBXVariantGroup section */

/* Begin XCBuildConfiguration section */
		273EEF3726C96A2B00351AF4 /* Debug */ = {
			isa = XCBuildConfiguration;
			buildSettings = {
				ALWAYS_SEARCH_USER_PATHS = NO;
				CLANG_ANALYZER_NONNULL = YES;
				CLANG_ANALYZER_NUMBER_OBJECT_CONVERSION = YES_AGGRESSIVE;
				CLANG_CXX_LANGUAGE_STANDARD = "gnu++14";
				CLANG_CXX_LIBRARY = "libc++";
				CLANG_ENABLE_MODULES = YES;
				CLANG_ENABLE_OBJC_ARC = YES;
				CLANG_ENABLE_OBJC_WEAK = YES;
				CLANG_WARN_BLOCK_CAPTURE_AUTORELEASING = YES;
				CLANG_WARN_BOOL_CONVERSION = YES;
				CLANG_WARN_COMMA = YES;
				CLANG_WARN_CONSTANT_CONVERSION = YES;
				CLANG_WARN_DEPRECATED_OBJC_IMPLEMENTATIONS = YES;
				CLANG_WARN_DIRECT_OBJC_ISA_USAGE = YES_ERROR;
				CLANG_WARN_DOCUMENTATION_COMMENTS = YES;
				CLANG_WARN_EMPTY_BODY = YES;
				CLANG_WARN_ENUM_CONVERSION = YES;
				CLANG_WARN_INFINITE_RECURSION = YES;
				CLANG_WARN_INT_CONVERSION = YES;
				CLANG_WARN_NON_LITERAL_NULL_CONVERSION = YES;
				CLANG_WARN_OBJC_IMPLICIT_RETAIN_SELF = YES;
				CLANG_WARN_OBJC_LITERAL_CONVERSION = YES;
				CLANG_WARN_OBJC_ROOT_CLASS = YES_ERROR;
				CLANG_WARN_QUOTED_INCLUDE_IN_FRAMEWORK_HEADER = YES;
				CLANG_WARN_RANGE_LOOP_ANALYSIS = YES;
				CLANG_WARN_STRICT_PROTOTYPES = YES;
				CLANG_WARN_SUSPICIOUS_MOVE = YES;
				CLANG_WARN_UNGUARDED_AVAILABILITY = YES_AGGRESSIVE;
				CLANG_WARN_UNREACHABLE_CODE = YES;
				CLANG_WARN__DUPLICATE_METHOD_MATCH = YES;
				COPY_PHASE_STRIP = NO;
				DEBUG_INFORMATION_FORMAT = dwarf;
				ENABLE_STRICT_OBJC_MSGSEND = YES;
				ENABLE_TESTABILITY = YES;
				GCC_C_LANGUAGE_STANDARD = gnu11;
				GCC_DYNAMIC_NO_PIC = NO;
				GCC_NO_COMMON_BLOCKS = YES;
				GCC_OPTIMIZATION_LEVEL = 0;
				GCC_PREPROCESSOR_DEFINITIONS = (
					"DEBUG=1",
					"$(inherited)",
				);
				GCC_WARN_64_TO_32_BIT_CONVERSION = YES;
				GCC_WARN_ABOUT_RETURN_TYPE = YES_ERROR;
				GCC_WARN_UNDECLARED_SELECTOR = YES;
				GCC_WARN_UNINITIALIZED_AUTOS = YES_AGGRESSIVE;
				GCC_WARN_UNUSED_FUNCTION = YES;
				GCC_WARN_UNUSED_VARIABLE = YES;
				IPHONEOS_DEPLOYMENT_TARGET = 14.2;
				MTL_ENABLE_DEBUG_INFO = INCLUDE_SOURCE;
				MTL_FAST_MATH = YES;
				ONLY_ACTIVE_ARCH = YES;
				SDKROOT = iphoneos;
				SWIFT_ACTIVE_COMPILATION_CONDITIONS = DEBUG;
				SWIFT_OPTIMIZATION_LEVEL = "-Onone";
			};
			name = Debug;
		};
		273EEF3826C96A2B00351AF4 /* Release */ = {
			isa = XCBuildConfiguration;
			buildSettings = {
				ALWAYS_SEARCH_USER_PATHS = NO;
				CLANG_ANALYZER_NONNULL = YES;
				CLANG_ANALYZER_NUMBER_OBJECT_CONVERSION = YES_AGGRESSIVE;
				CLANG_CXX_LANGUAGE_STANDARD = "gnu++14";
				CLANG_CXX_LIBRARY = "libc++";
				CLANG_ENABLE_MODULES = YES;
				CLANG_ENABLE_OBJC_ARC = YES;
				CLANG_ENABLE_OBJC_WEAK = YES;
				CLANG_WARN_BLOCK_CAPTURE_AUTORELEASING = YES;
				CLANG_WARN_BOOL_CONVERSION = YES;
				CLANG_WARN_COMMA = YES;
				CLANG_WARN_CONSTANT_CONVERSION = YES;
				CLANG_WARN_DEPRECATED_OBJC_IMPLEMENTATIONS = YES;
				CLANG_WARN_DIRECT_OBJC_ISA_USAGE = YES_ERROR;
				CLANG_WARN_DOCUMENTATION_COMMENTS = YES;
				CLANG_WARN_EMPTY_BODY = YES;
				CLANG_WARN_ENUM_CONVERSION = YES;
				CLANG_WARN_INFINITE_RECURSION = YES;
				CLANG_WARN_INT_CONVERSION = YES;
				CLANG_WARN_NON_LITERAL_NULL_CONVERSION = YES;
				CLANG_WARN_OBJC_IMPLICIT_RETAIN_SELF = YES;
				CLANG_WARN_OBJC_LITERAL_CONVERSION = YES;
				CLANG_WARN_OBJC_ROOT_CLASS = YES_ERROR;
				CLANG_WARN_QUOTED_INCLUDE_IN_FRAMEWORK_HEADER = YES;
				CLANG_WARN_RANGE_LOOP_ANALYSIS = YES;
				CLANG_WARN_STRICT_PROTOTYPES = YES;
				CLANG_WARN_SUSPICIOUS_MOVE = YES;
				CLANG_WARN_UNGUARDED_AVAILABILITY = YES_AGGRESSIVE;
				CLANG_WARN_UNREACHABLE_CODE = YES;
				CLANG_WARN__DUPLICATE_METHOD_MATCH = YES;
				COPY_PHASE_STRIP = NO;
				DEBUG_INFORMATION_FORMAT = "dwarf-with-dsym";
				ENABLE_NS_ASSERTIONS = NO;
				ENABLE_STRICT_OBJC_MSGSEND = YES;
				GCC_C_LANGUAGE_STANDARD = gnu11;
				GCC_NO_COMMON_BLOCKS = YES;
				GCC_WARN_64_TO_32_BIT_CONVERSION = YES;
				GCC_WARN_ABOUT_RETURN_TYPE = YES_ERROR;
				GCC_WARN_UNDECLARED_SELECTOR = YES;
				GCC_WARN_UNINITIALIZED_AUTOS = YES_AGGRESSIVE;
				GCC_WARN_UNUSED_FUNCTION = YES;
				GCC_WARN_UNUSED_VARIABLE = YES;
				IPHONEOS_DEPLOYMENT_TARGET = 14.2;
				MTL_ENABLE_DEBUG_INFO = NO;
				MTL_FAST_MATH = YES;
				SDKROOT = iphoneos;
				SWIFT_COMPILATION_MODE = wholemodule;
				SWIFT_OPTIMIZATION_LEVEL = "-O";
				VALIDATE_PRODUCT = YES;
			};
			name = Release;
		};
		273EEF3A26C96A2B00351AF4 /* Debug */ = {
			isa = XCBuildConfiguration;
			baseConfigurationReference = 3F6AC5C5A6827BC4BC447383 /* Pods-KNews.debug.xcconfig */;
			buildSettings = {
				ASSETCATALOG_COMPILER_APPICON_NAME = AppIcon;
				ASSETCATALOG_COMPILER_GLOBAL_ACCENT_COLOR_NAME = AccentColor;
				CODE_SIGN_STYLE = Automatic;
				DEVELOPMENT_TEAM = 2V5XRSDP4C;
				INFOPLIST_FILE = KNews/Info.plist;
				IPHONEOS_DEPLOYMENT_TARGET = 12.4;
				LD_RUNPATH_SEARCH_PATHS = (
					"$(inherited)",
					"@executable_path/Frameworks",
				);
				PRODUCT_BUNDLE_IDENTIFIER = com.amin.KNews;
				PRODUCT_NAME = "$(TARGET_NAME)";
				SWIFT_VERSION = 5.0;
				TARGETED_DEVICE_FAMILY = "1,2";
			};
			name = Debug;
		};
		273EEF3B26C96A2B00351AF4 /* Release */ = {
			isa = XCBuildConfiguration;
			baseConfigurationReference = A2B492E6BDCA6F3CE9C54B2F /* Pods-KNews.release.xcconfig */;
			buildSettings = {
				ASSETCATALOG_COMPILER_APPICON_NAME = AppIcon;
				ASSETCATALOG_COMPILER_GLOBAL_ACCENT_COLOR_NAME = AccentColor;
				CODE_SIGN_STYLE = Automatic;
				DEVELOPMENT_TEAM = 2V5XRSDP4C;
				INFOPLIST_FILE = KNews/Info.plist;
				IPHONEOS_DEPLOYMENT_TARGET = 12.4;
				LD_RUNPATH_SEARCH_PATHS = (
					"$(inherited)",
					"@executable_path/Frameworks",
				);
				PRODUCT_BUNDLE_IDENTIFIER = com.amin.KNews;
				PRODUCT_NAME = "$(TARGET_NAME)";
				SWIFT_VERSION = 5.0;
				TARGETED_DEVICE_FAMILY = "1,2";
			};
			name = Release;
		};
/* End XCBuildConfiguration section */

/* Begin XCConfigurationList section */
		273EEF2026C96A2B00351AF4 /* Build configuration list for PBXProject "KNews" */ = {
			isa = XCConfigurationList;
			buildConfigurations = (
				273EEF3726C96A2B00351AF4 /* Debug */,
				273EEF3826C96A2B00351AF4 /* Release */,
			);
			defaultConfigurationIsVisible = 0;
			defaultConfigurationName = Release;
		};
		273EEF3926C96A2B00351AF4 /* Build configuration list for PBXNativeTarget "KNews" */ = {
			isa = XCConfigurationList;
			buildConfigurations = (
				273EEF3A26C96A2B00351AF4 /* Debug */,
				273EEF3B26C96A2B00351AF4 /* Release */,
			);
			defaultConfigurationIsVisible = 0;
			defaultConfigurationName = Release;
		};
/* End XCConfigurationList section */
	};
	rootObject = 273EEF1D26C96A2B00351AF4 /* Project object */;
}
